
Microsoft Visual Studio Solution File, Format Version 12.00
# Visual Studio Version 17
VisualStudioVersion = 17.5.33627.172
MinimumVisualStudioVersion = 10.0.40219.1
Project("{9A19103F-16F7-4668-BE54-9A1E7A4F7556}") = "ConsoleApp", "ConsoleApp\ConsoleApp.csproj", "{CB945104-4C5D-44D8-8A3C-38E9A0EEF74C}"
EndProject
Global
	GlobalSection(SolutionConfigurationPlatforms) = preSolution
		Debug|Any CPU = Debug|Any CPU
		Debug|ARM64 = Debug|ARM64
		Debug|x64 = Debug|x64
		Debug|x86 = Debug|x86
		Release|Any CPU = Release|Any CPU
		Release|ARM64 = Release|ARM64
		Release|x64 = Release|x64
		Release|x86 = Release|x86
	EndGlobalSection
	GlobalSection(ProjectConfigurationPlatforms) = postSolution
		{CB945104-4C5D-44D8-8A3C-38E9A0EEF74C}.Debug|Any CPU.ActiveCfg = Debug|Any CPU
		{CB945104-4C5D-44D8-8A3C-38E9A0EEF74C}.Debug|Any CPU.Build.0 = Debug|Any CPU
		{CB945104-4C5D-44D8-8A3C-38E9A0EEF74C}.Debug|ARM64.ActiveCfg = Debug|x64
		{CB945104-4C5D-44D8-8A3C-38E9A0EEF74C}.Debug|ARM64.Build.0 = Debug|x64
		{CB945104-4C5D-44D8-8A3C-38E9A0EEF74C}.Debug|x64.ActiveCfg = Debug|x64
		{CB945104-4C5D-44D8-8A3C-38E9A0EEF74C}.Debug|x64.Build.0 = Debug|x64
		{CB945104-4C5D-44D8-8A3C-38E9A0EEF74C}.Debug|x86.ActiveCfg = Debug|x86
		{CB945104-4C5D-44D8-8A3C-38E9A0EEF74C}.Debug|x86.Build.0 = Debug|x86
		{CB945104-4C5D-44D8-8A3C-38E9A0EEF74C}.Release|Any CPU.ActiveCfg = Release|Any CPU
		{CB945104-4C5D-44D8-8A3C-38E9A0EEF74C}.Release|Any CPU.Build.0 = Release|Any CPU
		{CB945104-4C5D-44D8-8A3C-38E9A0EEF74C}.Release|ARM64.ActiveCfg = Release|ARM64
		{CB945104-4C5D-44D8-8A3C-38E9A0EEF74C}.Release|ARM64.Build.0 = Release|ARM64
		{CB945104-4C5D-44D8-8A3C-38E9A0EEF74C}.Release|x64.ActiveCfg = Release|x64
		{CB945104-4C5D-44D8-8A3C-38E9A0EEF74C}.Release|x64.Build.0 = Release|x64
		{CB945104-4C5D-44D8-8A3C-38E9A0EEF74C}.Release|x86.ActiveCfg = Release|x86
		{CB945104-4C5D-44D8-8A3C-38E9A0EEF74C}.Release|x86.Build.0 = Release|x86
	EndGlobalSection
	GlobalSection(SolutionProperties) = preSolution
		HideSolutionNode = FALSE
	EndGlobalSection
	GlobalSection(ExtensibilityGlobals) = postSolution
		SolutionGuid = {0371C431-DA4A-4DCC-BF4D-A0899396067B}
	EndGlobalSection
EndGlobal
